github.com/nogoegst/balloon v1.0.0 h1:AR+K9ms82FvwTm/7xUHfaW4zfvrwh1XlMl8wY8SQuC4=
github.com/nogoegst/balloon v1.0.0/go.mod h1:1RAzCsTZJCwHlOLIirlT3PcfUlozAm1RSe9cN4qt3e0=
github.com/skip2/go-qrcode v0.0.0-20200617195104-da1b6568686e h1:MRM5ITcdelLK2j1vwZ3Je0FKVCfqOLp5zO6trqMLYs0=
github.com/skip2/go-qrcode v0.0.0-20200617195104-da1b6568686e/go.mod h1:XV66xRDqSt+GTGFMVlhk3ULuV0y9ZmzeVGR4mloJI3M=
